// !$*UTF8*$!
{
	archiveVersion = 1;
	classes = {
	};
	objectVersion = 46;
	objects = {

/* Begin PBXBuildFile section */
		1F0E9F271C60C121009E213D /* AppDelegate.m in Sources */ = {isa = PBXBuildFile; fileRef = 1F0E9F261C60C121009E213D /* AppDelegate.m */; };
		1F0E9F2A1C60C121009E213D /* main.m in Sources */ = {isa = PBXBuildFile; fileRef = 1F0E9F291C60C121009E213D /* main.m */; };
		1F0E9F2F1C60C121009E213D /* Assets.xcassets in Resources */ = {isa = PBXBuildFile; fileRef = 1F0E9F2E1C60C121009E213D /* Assets.xcassets */; };
		1F0E9F321C60C121009E213D /* Main.storyboard in Resources */ = {isa = PBXBuildFile; fileRef = 1F0E9F301C60C121009E213D /* Main.storyboard */; };
		1F0E9F3D1C60C121009E213D /* NetEaseNextSongTests.m in Sources */ = {isa = PBXBuildFile; fileRef = 1F0E9F3C1C60C121009E213D /* NetEaseNextSongTests.m */; };
		1F0E9F481C60C121009E213D /* NetEaseNextSongUITests.m in Sources */ = {isa = PBXBuildFile; fileRef = 1F0E9F471C60C121009E213D /* NetEaseNextSongUITests.m */; };
		1F0E9F631C60E60C009E213D /* GCDAsyncSocket.m in Sources */ = {isa = PBXBuildFile; fileRef = 1F0E9F601C60E60C009E213D /* GCDAsyncSocket.m */; };
		1F0E9F641C60E60C009E213D /* GCDAsyncUdpSocket.m in Sources */ = {isa = PBXBuildFile; fileRef = 1F0E9F621C60E60C009E213D /* GCDAsyncUdpSocket.m */; };
		1F2CB4891C6F33ED006F5524 /* Menulet.png in Resources */ = {isa = PBXBuildFile; fileRef = 1F2CB4881C6F33ED006F5524 /* Menulet.png */; };
		1F2CB48E1C6F41CE006F5524 /* Menulet.m in Sources */ = {isa = PBXBuildFile; fileRef = 1F2CB48D1C6F41CE006F5524 /* Menulet.m */; };
		1F2CB4911C6F4287006F5524 /* MenuletController.m in Sources */ = {isa = PBXBuildFile; fileRef = 1F2CB4901C6F4287006F5524 /* MenuletController.m */; };
		1F2CB4951C6F445E006F5524 /* PopoverController.m in Sources */ = {isa = PBXBuildFile; fileRef = 1F2CB4931C6F445E006F5524 /* PopoverController.m */; };
		1F2CB4961C6F445E006F5524 /* PopoverController.xib in Resources */ = {isa = PBXBuildFile; fileRef = 1F2CB4941C6F445E006F5524 /* PopoverController.xib */; };
/* End PBXBuildFile section */

/* Begin PBXContainerItemProxy section */
		1F0E9F391C60C121009E213D /* PBXContainerItemProxy */ = {
			isa = PBXContainerItemProxy;
			containerPortal = 1F0E9F1A1C60C121009E213D /* Project object */;
			proxyType = 1;
			remoteGlobalIDString = 1F0E9F211C60C121009E213D;
			remoteInfo = NetEaseNextSong;
		};
		1F0E9F441C60C121009E213D /* PBXContainerItemProxy */ = {
			isa = PBXContainerItemProxy;
			containerPortal = 1F0E9F1A1C60C121009E213D /* Project object */;
			proxyType = 1;
			remoteGlobalIDString = 1F0E9F211C60C121009E213D;
			remoteInfo = NetEaseNextSong;
		};
/* End PBXContainerItemProxy section */

/* Begin PBXFileReference section */
		1F0E9F221C60C121009E213D /* NetEaseNextSong.app */ = {isa = PBXFileReference; explicitFileType = wrapper.application; includeInIndex = 0; path = NetEaseNextSong.app; sourceTree = BUILT_PRODUCTS_DIR; };
		1F0E9F251C60C121009E213D /* AppDelegate.h */ = {isa = PBXFileReference; lastKnownFileType = sourcecode.c.h; path = AppDelegate.h; sourceTree = "<group>"; };
		1F0E9F261C60C121009E213D /* AppDelegate.m */ = {isa = PBXFileReference; lastKnownFileType = sourcecode.c.objc; path = AppDelegate.m; sourceTree = "<group>"; };
		1F0E9F291C60C121009E213D /* main.m */ = {isa = PBXFileReference; lastKnownFileType = sourcecode.c.objc; path = main.m; sourceTree = "<group>"; };
		1F0E9F2E1C60C121009E213D /* Assets.xcassets */ = {isa = PBXFileReference; lastKnownFileType = folder.assetcatalog; path = Assets.xcassets; sourceTree = "<group>"; };
		1F0E9F311C60C121009E213D /* Base */ = {isa = PBXFileReference; lastKnownFileType = file.storyboard; name = Base; path = Base.lproj/Main.storyboard; sourceTree = "<group>"; };
		1F0E9F331C60C121009E213D /* Info.plist */ = {isa = PBXFileReference; lastKnownFileType = text.plist.xml; path = Info.plist; sourceTree = "<group>"; };
		1F0E9F381C60C121009E213D /* NetEaseNextSongTests.xctest */ = {isa = PBXFileReference; explicitFileType = wrapper.cfbundle; includeInIndex = 0; path = NetEaseNextSongTests.xctest; sourceTree = BUILT_PRODUCTS_DIR; };
		1F0E9F3C1C60C121009E213D /* NetEaseNextSongTests.m */ = {isa = PBXFileReference; lastKnownFileType = sourcecode.c.objc; path = NetEaseNextSongTests.m; sourceTree = "<group>"; };
		1F0E9F3E1C60C121009E213D /* Info.plist */ = {isa = PBXFileReference; lastKnownFileType = text.plist.xml; path = Info.plist; sourceTree = "<group>"; };
		1F0E9F431C60C121009E213D /* NetEaseNextSongUITests.xctest */ = {isa = PBXFileReference; explicitFileType = wrapper.cfbundle; includeInIndex = 0; path = NetEaseNextSongUITests.xctest; sourceTree = BUILT_PRODUCTS_DIR; };
		1F0E9F471C60C121009E213D /* NetEaseNextSongUITests.m */ = {isa = PBXFileReference; lastKnownFileType = sourcecode.c.objc; path = NetEaseNextSongUITests.m; sourceTree = "<group>"; };
		1F0E9F491C60C121009E213D /* Info.plist */ = {isa = PBXFileReference; lastKnownFileType = text.plist.xml; path = Info.plist; sourceTree = "<group>"; };
		1F0E9F5F1C60E60C009E213D /* GCDAsyncSocket.h */ = {isa = PBXFileReference; fileEncoding = 4; lastKnownFileType = sourcecode.c.h; path = GCDAsyncSocket.h; sourceTree = "<group>"; };
		1F0E9F601C60E60C009E213D /* GCDAsyncSocket.m */ = {isa = PBXFileReference; fileEncoding = 4; lastKnownFileType = sourcecode.c.objc; path = GCDAsyncSocket.m; sourceTree = "<group>"; };
		1F0E9F611C60E60C009E213D /* GCDAsyncUdpSocket.h */ = {isa = PBXFileReference; fileEncoding = 4; lastKnownFileType = sourcecode.c.h; path = GCDAsyncUdpSocket.h; sourceTree = "<group>"; };
		1F0E9F621C60E60C009E213D /* GCDAsyncUdpSocket.m */ = {isa = PBXFileReference; fileEncoding = 4; lastKnownFileType = sourcecode.c.objc; path = GCDAsyncUdpSocket.m; sourceTree = "<group>"; };
		1F2CB4881C6F33ED006F5524 /* Menulet.png */ = {isa = PBXFileReference; lastKnownFileType = image.png; path = Menulet.png; sourceTree = "<group>"; };
		1F2CB48C1C6F41CE006F5524 /* Menulet.h */ = {isa = PBXFileReference; fileEncoding = 4; lastKnownFileType = sourcecode.c.h; path = Menulet.h; sourceTree = "<group>"; };
		1F2CB48D1C6F41CE006F5524 /* Menulet.m */ = {isa = PBXFileReference; fileEncoding = 4; lastKnownFileType = sourcecode.c.objc; path = Menulet.m; sourceTree = "<group>"; };
		1F2CB48F1C6F4287006F5524 /* MenuletController.h */ = {isa = PBXFileReference; fileEncoding = 4; lastKnownFileType = sourcecode.c.h; path = MenuletController.h; sourceTree = "<group>"; };
		1F2CB4901C6F4287006F5524 /* MenuletController.m */ = {isa = PBXFileReference; fileEncoding = 4; lastKnownFileType = sourcecode.c.objc; path = MenuletController.m; sourceTree = "<group>"; };
		1F2CB4921C6F445E006F5524 /* PopoverController.h */ = {isa = PBXFileReference; fileEncoding = 4; lastKnownFileType = sourcecode.c.h; path = PopoverController.h; sourceTree = "<group>"; };
		1F2CB4931C6F445E006F5524 /* PopoverController.m */ = {isa = PBXFileReference; fileEncoding = 4; lastKnownFileType = sourcecode.c.objc; path = PopoverController.m; sourceTree = "<group>"; };
		1F2CB4941C6F445E006F5524 /* PopoverController.xib */ = {isa = PBXFileReference; fileEncoding = 4; lastKnownFileType = file.xib; path = PopoverController.xib; sourceTree = "<group>"; };
/* End PBXFileReference section */

/* Begin PBXFrameworksBuildPhase section */
		1F0E9F1F1C60C121009E213D /* Frameworks */ = {
			isa = PBXFrameworksBuildPhase;
			buildActionMask = 2147483647;
			files = (
			);
			runOnlyForDeploymentPostprocessing = 0;
		};
		1F0E9F351C60C121009E213D /* Frameworks */ = {
			isa = PBXFrameworksBuildPhase;
			buildActionMask = 2147483647;
			files = (
			);
			runOnlyForDeploymentPostprocessing = 0;
		};
		1F0E9F401C60C121009E213D /* Frameworks */ = {
			isa = PBXFrameworksBuildPhase;
			buildActionMask = 2147483647;
			files = (
			);
			runOnlyForDeploymentPostprocessing = 0;
		};
/* End PBXFrameworksBuildPhase section */

/* Begin PBXGroup section */
		1F0E9F191C60C121009E213D = {
			isa = PBXGroup;
			children = (
				1F0E9F241C60C121009E213D /* NetEaseNextSong */,
				1F0E9F3B1C60C121009E213D /* NetEaseNextSongTests */,
				1F0E9F461C60C121009E213D /* NetEaseNextSongUITests */,
				1F0E9F231C60C121009E213D /* Products */,
			);
			sourceTree = "<group>";
		};
		1F0E9F231C60C121009E213D /* Products */ = {
			isa = PBXGroup;
			children = (
				1F0E9F221C60C121009E213D /* NetEaseNextSong.app */,
				1F0E9F381C60C121009E213D /* NetEaseNextSongTests.xctest */,
				1F0E9F431C60C121009E213D /* NetEaseNextSongUITests.xctest */,
			);
			name = Products;
			sourceTree = "<group>";
		};
		1F0E9F241C60C121009E213D /* NetEaseNextSong */ = {
			isa = PBXGroup;
			children = (
				1F0E9F551C60E334009E213D /* AsyncSocket */,
				1F0E9F251C60C121009E213D /* AppDelegate.h */,
				1F0E9F261C60C121009E213D /* AppDelegate.m */,
				1F2CB48C1C6F41CE006F5524 /* Menulet.h */,
				1F2CB48D1C6F41CE006F5524 /* Menulet.m */,
				1F2CB48F1C6F4287006F5524 /* MenuletController.h */,
				1F2CB4901C6F4287006F5524 /* MenuletController.m */,
				1F2CB4921C6F445E006F5524 /* PopoverController.h */,
				1F2CB4931C6F445E006F5524 /* PopoverController.m */,
				1F2CB4941C6F445E006F5524 /* PopoverController.xib */,
				1F2CB4881C6F33ED006F5524 /* Menulet.png */,
				1F0E9F2E1C60C121009E213D /* Assets.xcassets */,
				1F0E9F301C60C121009E213D /* Main.storyboard */,
				1F0E9F331C60C121009E213D /* Info.plist */,
				1F0E9F281C60C121009E213D /* Supporting Files */,
			);
			path = NetEaseNextSong;
			sourceTree = "<group>";
		};
		1F0E9F281C60C121009E213D /* Supporting Files */ = {
			isa = PBXGroup;
			children = (
				1F0E9F291C60C121009E213D /* main.m */,
			);
			name = "Supporting Files";
			sourceTree = "<group>";
		};
		1F0E9F3B1C60C121009E213D /* NetEaseNextSongTests */ = {
			isa = PBXGroup;
			children = (
				1F0E9F3C1C60C121009E213D /* NetEaseNextSongTests.m */,
				1F0E9F3E1C60C121009E213D /* Info.plist */,
			);
			path = NetEaseNextSongTests;
			sourceTree = "<group>";
		};
		1F0E9F461C60C121009E213D /* NetEaseNextSongUITests */ = {
			isa = PBXGroup;
			children = (
				1F0E9F471C60C121009E213D /* NetEaseNextSongUITests.m */,
				1F0E9F491C60C121009E213D /* Info.plist */,
			);
			path = NetEaseNextSongUITests;
			sourceTree = "<group>";
		};
		1F0E9F551C60E334009E213D /* AsyncSocket */ = {
			isa = PBXGroup;
			children = (
				1F0E9F5F1C60E60C009E213D /* GCDAsyncSocket.h */,
				1F0E9F601C60E60C009E213D /* GCDAsyncSocket.m */,
				1F0E9F611C60E60C009E213D /* GCDAsyncUdpSocket.h */,
				1F0E9F621C60E60C009E213D /* GCDAsyncUdpSocket.m */,
			);
			path = AsyncSocket;
			sourceTree = "<group>";
		};
/* End PBXGroup section */

/* Begin PBXNativeTarget section */
		1F0E9F211C60C121009E213D /* NetEaseNextSong */ = {
			isa = PBXNativeTarget;
			buildConfigurationList = 1F0E9F4C1C60C121009E213D /* Build configuration list for PBXNativeTarget "NetEaseNextSong" */;
			buildPhases = (
				1F0E9F1E1C60C121009E213D /* Sources */,
				1F0E9F1F1C60C121009E213D /* Frameworks */,
				1F0E9F201C60C121009E213D /* Resources */,
			);
			buildRules = (
			);
			dependencies = (
			);
			name = NetEaseNextSong;
			productName = NetEaseNextSong;
			productReference = 1F0E9F221C60C121009E213D /* NetEaseNextSong.app */;
			productType = "com.apple.product-type.application";
		};
		1F0E9F371C60C121009E213D /* NetEaseNextSongTests */ = {
			isa = PBXNativeTarget;
			buildConfigurationList = 1F0E9F4F1C60C121009E213D /* Build configuration list for PBXNativeTarget "NetEaseNextSongTests" */;
			buildPhases = (
				1F0E9F341C60C121009E213D /* Sources */,
				1F0E9F351C60C121009E213D /* Frameworks */,
				1F0E9F361C60C121009E213D /* Resources */,
			);
			buildRules = (
			);
			dependencies = (
				1F0E9F3A1C60C121009E213D /* PBXTargetDependency */,
			);
			name = NetEaseNextSongTests;
			productName = NetEaseNextSongTests;
			productReference = 1F0E9F381C60C121009E213D /* NetEaseNextSongTests.xctest */;
			productType = "com.apple.product-type.bundle.unit-test";
		};
		1F0E9F421C60C121009E213D /* NetEaseNextSongUITests */ = {
			isa = PBXNativeTarget;
			buildConfigurationList = 1F0E9F521C60C121009E213D /* Build configuration list for PBXNativeTarget "NetEaseNextSongUITests" */;
			buildPhases = (
				1F0E9F3F1C60C121009E213D /* Sources */,
				1F0E9F401C60C121009E213D /* Frameworks */,
				1F0E9F411C60C121009E213D /* Resources */,
			);
			buildRules = (
			);
			dependencies = (
				1F0E9F451C60C121009E213D /* PBXTargetDependency */,
			);
			name = NetEaseNextSongUITests;
			productName = NetEaseNextSongUITests;
			productReference = 1F0E9F431C60C121009E213D /* NetEaseNextSongUITests.xctest */;
			productType = "com.apple.product-type.bundle.ui-testing";
		};
/* End PBXNativeTarget section */

/* Begin PBXProject section */
		1F0E9F1A1C60C121009E213D /* Project object */ = {
			isa = PBXProject;
			attributes = {
				LastUpgradeCheck = 0720;
				ORGANIZATIONNAME = LtRed;
				TargetAttributes = {
					1F0E9F211C60C121009E213D = {
						CreatedOnToolsVersion = 7.2;
					};
					1F0E9F371C60C121009E213D = {
						CreatedOnToolsVersion = 7.2;
						TestTargetID = 1F0E9F211C60C121009E213D;
					};
					1F0E9F421C60C121009E213D = {
						CreatedOnToolsVersion = 7.2;
						TestTargetID = 1F0E9F211C60C121009E213D;
					};
				};
			};
			buildConfigurationList = 1F0E9F1D1C60C121009E213D /* Build configuration list for PBXProject "NetEaseNextSong" */;
			compatibilityVersion = "Xcode 3.2";
			developmentRegion = English;
			hasScannedForEncodings = 0;
			knownRegions = (
				en,
				Base,
			);
			mainGroup = 1F0E9F191C60C121009E213D;
			productRefGroup = 1F0E9F231C60C121009E213D /* Products */;
			projectDirPath = "";
			projectRoot = "";
			targets = (
				1F0E9F211C60C121009E213D /* NetEaseNextSong */,
				1F0E9F371C60C121009E213D /* NetEaseNextSongTests */,
				1F0E9F421C60C121009E213D /* NetEaseNextSongUITests */,
			);
		};
/* End PBXProject section */

/* Begin PBXResourcesBuildPhase section */
		1F0E9F201C60C121009E213D /* Resources */ = {
			isa = PBXResourcesBuildPhase;
			buildActionMask = 2147483647;
			files = (
				1F0E9F2F1C60C121009E213D /* Assets.xcassets in Resources */,
				1F2CB4961C6F445E006F5524 /* PopoverController.xib in Resources */,
				1F2CB4891C6F33ED006F5524 /* Menulet.png in Resources */,
				1F0E9F321C60C121009E213D /* Main.storyboard in Resources */,
			);
			runOnlyForDeploymentPostprocessing = 0;
		};
		1F0E9F361C60C121009E213D /* Resources */ = {
			isa = PBXResourcesBuildPhase;
			buildActionMask = 2147483647;
			files = (
			);
			runOnlyForDeploymentPostprocessing = 0;
		};
		1F0E9F411C60C121009E213D /* Resources */ = {
			isa = PBXResourcesBuildPhase;
			buildActionMask = 2147483647;
			files = (
			);
			runOnlyForDeploymentPostprocessing = 0;
		};
/* End PBXResourcesBuildPhase section */

/* Begin PBXSourcesBuildPhase section */
		1F0E9F1E1C60C121009E213D /* Sources */ = {
			isa = PBXSourcesBuildPhase;
			buildActionMask = 2147483647;
			files = (
				1F0E9F2A1C60C121009E213D /* main.m in Sources */,
				1F0E9F641C60E60C009E213D /* GCDAsyncUdpSocket.m in Sources */,
				1F0E9F271C60C121009E213D /* AppDelegate.m in Sources */,
				1F2CB48E1C6F41CE006F5524 /* Menulet.m in Sources */,
				1F2CB4951C6F445E006F5524 /* PopoverController.m in Sources */,
				1F0E9F631C60E60C009E213D /* GCDAsyncSocket.m in Sources */,
				1F2CB4911C6F4287006F5524 /* MenuletController.m in Sources */,
			);
			runOnlyForDeploymentPostprocessing = 0;
		};
		1F0E9F341C60C121009E213D /* Sources */ = {
			isa = PBXSourcesBuildPhase;
			buildActionMask = 2147483647;
			files = (
				1F0E9F3D1C60C121009E213D /* NetEaseNextSongTests.m in Sources */,
			);
			runOnlyForDeploymentPostprocessing = 0;
		};
		1F0E9F3F1C60C121009E213D /* Sources */ = {
			isa = PBXSourcesBuildPhase;
			buildActionMask = 2147483647;
			files = (
				1F0E9F481C60C121009E213D /* NetEaseNextSongUITests.m in Sources */,
			);
			runOnlyForDeploymentPostprocessing = 0;
		};
/* End PBXSourcesBuildPhase section */

/* Begin PBXTargetDependency section */
		1F0E9F3A1C60C121009E213D /* PBXTargetDependency */ = {
			isa = PBXTargetDependency;
			target = 1F0E9F211C60C121009E213D /* NetEaseNextSong */;
			targetProxy = 1F0E9F391C60C121009E213D /* PBXContainerItemProxy */;
		};
		1F0E9F451C60C121009E213D /* PBXTargetDependency */ = {
			isa = PBXTargetDependency;
			target = 1F0E9F211C60C121009E213D /* NetEaseNextSong */;
			targetProxy = 1F0E9F441C60C121009E213D /* PBXContainerItemProxy */;
		};
/* End PBXTargetDependency section */

/* Begin PBXVariantGroup section */
		1F0E9F301C60C121009E213D /* Main.storyboard */ = {
			isa = PBXVariantGroup;
			children = (
				1F0E9F311C60C121009E213D /* Base */,
			);
			name = Main.storyboard;
			sourceTree = "<group>";
		};
/* End PBXVariantGroup section */

/* Begin XCBuildConfiguration section */
		1F0E9F4A1C60C121009E213D /* Debug */ = {
			isa = XCBuildConfiguration;
			buildSettings = {
				ALWAYS_SEARCH_USER_PATHS = NO;
				CLANG_CXX_LANGUAGE_STANDARD = "gnu++0x";
				CLANG_CXX_LIBRARY = "libc++";
				CLANG_ENABLE_MODULES = YES;
				CLANG_ENABLE_OBJC_ARC = YES;
				CLANG_WARN_BOOL_CONVERSION = YES;
				CLANG_WARN_CONSTANT_CONVERSION = YES;
				CLANG_WARN_DIRECT_OBJC_ISA_USAGE = YES_ERROR;
				CLANG_WARN_EMPTY_BODY = YES;
				CLANG_WARN_ENUM_CONVERSION = YES;
				CLANG_WARN_INT_CONVERSION = YES;
				CLANG_WARN_OBJC_ROOT_CLASS = YES_ERROR;
				CLANG_WARN_UNREACHABLE_CODE = YES;
				CLANG_WARN__DUPLICATE_METHOD_MATCH = YES;
				CODE_SIGN_IDENTITY = "-";
				COPY_PHASE_STRIP = NO;
				DEBUG_INFORMATION_FORMAT = dwarf;
				ENABLE_STRICT_OBJC_MSGSEND = YES;
				ENABLE_TESTABILITY = YES;
				GCC_C_LANGUAGE_STANDARD = gnu99;
				GCC_DYNAMIC_NO_PIC = NO;
				GCC_NO_COMMON_BLOCKS = YES;
				GCC_OPTIMIZATION_LEVEL = 0;
				GCC_PREPROCESSOR_DEFINITIONS = (
					"DEBUG=1",
					"$(inherited)",
				);
				GCC_WARN_64_TO_32_BIT_CONVERSION = YES;
				GCC_WARN_ABOUT_RETURN_TYPE = YES_ERROR;
				GCC_WARN_UNDECLARED_SELECTOR = YES;
				GCC_WARN_UNINITIALIZED_AUTOS = YES_AGGRESSIVE;
				GCC_WARN_UNUSED_FUNCTION = YES;
				GCC_WARN_UNUSED_VARIABLE = YES;
				MACOSX_DEPLOYMENT_TARGET = 10.11;
				MTL_ENABLE_DEBUG_INFO = YES;
				ONLY_ACTIVE_ARCH = YES;
				SDKROOT = macosx;
			};
			name = Debug;
		};
		1F0E9F4B1C60C121009E213D /* Release */ = {
			isa = XCBuildConfiguration;
			buildSettings = {
				ALWAYS_SEARCH_USER_PATHS = NO;
				CLANG_CXX_LANGUAGE_STANDARD = "gnu++0x";
				CLANG_CXX_LIBRARY = "libc++";
				CLANG_ENABLE_MODULES = YES;
				CLANG_ENABLE_OBJC_ARC = YES;
				CLANG_WARN_BOOL_CONVERSION = YES;
				CLANG_WARN_CONSTANT_CONVERSION = YES;
				CLANG_WARN_DIRECT_OBJC_ISA_USAGE = YES_ERROR;
				CLANG_WARN_EMPTY_BODY = YES;
				CLANG_WARN_ENUM_CONVERSION = YES;
				CLANG_WARN_INT_CONVERSION = YES;
				CLANG_WARN_OBJC_ROOT_CLASS = YES_ERROR;
				CLANG_WARN_UNREACHABLE_CODE = YES;
				CLANG_WARN__DUPLICATE_METHOD_MATCH = YES;
				CODE_SIGN_IDENTITY = "-";
				COPY_PHASE_STRIP = NO;
				DEBUG_INFORMATION_FORMAT = "dwarf-with-dsym";
				ENABLE_NS_ASSERTIONS = NO;
				ENABLE_STRICT_OBJC_MSGSEND = YES;
				GCC_C_LANGUAGE_STANDARD = gnu99;
				GCC_NO_COMMON_BLOCKS = YES;
				GCC_WARN_64_TO_32_BIT_CONVERSION = YES;
				GCC_WARN_ABOUT_RETURN_TYPE = YES_ERROR;
				GCC_WARN_UNDECLARED_SELECTOR = YES;
				GCC_WARN_UNINITIALIZED_AUTOS = YES_AGGRESSIVE;
				GCC_WARN_UNUSED_FUNCTION = YES;
				GCC_WARN_UNUSED_VARIABLE = YES;
				MACOSX_DEPLOYMENT_TARGET = 10.11;
				MTL_ENABLE_DEBUG_INFO = NO;
				SDKROOT = macosx;
			};
			name = Release;
		};
		1F0E9F4D1C60C121009E213D /* Debug */ = {
			isa = XCBuildConfiguration;
			buildSettings = {
				ASSETCATALOG_COMPILER_APPICON_NAME = AppIcon;
				CLANG_ENABLE_MODULES = YES;
				COMBINE_HIDPI_IMAGES = YES;
				INFOPLIST_FILE = NetEaseNextSong/Info.plist;
				LD_RUNPATH_SEARCH_PATHS = "$(inherited) @executable_path/../Frameworks";
				MACOSX_DEPLOYMENT_TARGET = 10.10;
				PRODUCT_BUNDLE_IDENTIFIER = com.ltred.TVApp.NetEaseNextSong;
				PRODUCT_NAME = "$(TARGET_NAME)";
				SWIFT_OPTIMIZATION_LEVEL = "-Onone";
			};
			name = Debug;
		};
		1F0E9F4E1C60C121009E213D /* Release */ = {
			isa = XCBuildConfiguration;
			buildSettings = {
				ASSETCATALOG_COMPILER_APPICON_NAME = AppIcon;
				CLANG_ENABLE_MODULES = YES;
				COMBINE_HIDPI_IMAGES = YES;
				INFOPLIST_FILE = NetEaseNextSong/Info.plist;
				LD_RUNPATH_SEARCH_PATHS = "$(inherited) @executable_path/../Frameworks";
				MACOSX_DEPLOYMENT_TARGET = 10.10;
				PRODUCT_BUNDLE_IDENTIFIER = com.ltred.TVApp.NetEaseNextSong;
				PRODUCT_NAME = "$(TARGET_NAME)";
			};
			name = Release;
		};
		1F0E9F501C60C121009E213D /* Debug */ = {
			isa = XCBuildConfiguration;
			buildSettings = {
				BUNDLE_LOADER = "$(TEST_HOST)";
				COMBINE_HIDPI_IMAGES = YES;
				INFOPLIST_FILE = NetEaseNextSongTests/Info.plist;
				LD_RUNPATH_SEARCH_PATHS = "$(inherited) @executable_path/../Frameworks @loader_path/../Frameworks";
				PRODUCT_BUNDLE_IDENTIFIER = com.ltred.TVApp.NetEaseNextSongTests;
				PRODUCT_NAME = "$(TARGET_NAME)";
				TEST_HOST = "$(BUILT_PRODUCTS_DIR)/NetEaseNextSong.app/Contents/MacOS/NetEaseNextSong";
			};
			name = Debug;
		};
		1F0E9F511C60C121009E213D /* Release */ = {
			isa = XCBuildConfiguration;
			buildSettings = {
				BUNDLE_LOADER = "$(TEST_HOST)";
				COMBINE_HIDPI_IMAGES = YES;
				INFOPLIST_FILE = NetEaseNextSongTests/Info.plist;
				LD_RUNPATH_SEARCH_PATHS = "$(inherited) @executable_path/../Frameworks @loader_path/../Frameworks";
				PRODUCT_BUNDLE_IDENTIFIER = com.ltred.TVApp.NetEaseNextSongTests;
				PRODUCT_NAME = "$(TARGET_NAME)";
				TEST_HOST = "$(BUILT_PRODUCTS_DIR)/NetEaseNextSong.app/Contents/MacOS/NetEaseNextSong";
			};
			name = Release;
		};
		1F0E9F531C60C121009E213D /* Debug */ = {
			isa = XCBuildConfiguration;
			buildSettings = {
				COMBINE_HIDPI_IMAGES = YES;
				INFOPLIST_FILE = NetEaseNextSongUITests/Info.plist;
				LD_RUNPATH_SEARCH_PATHS = "$(inherited) @executable_path/../Frameworks @loader_path/../Frameworks";
				PRODUCT_BUNDLE_IDENTIFIER = com.ltred.TVApp.NetEaseNextSongUITests;
				PRODUCT_NAME = "$(TARGET_NAME)";
				TEST_TARGET_NAME = NetEaseNextSong;
				USES_XCTRUNNER = YES;
			};
			name = Debug;
		};
		1F0E9F541C60C121009E213D /* Release */ = {
			isa = XCBuildConfiguration;
			buildSettings = {
				COMBINE_HIDPI_IMAGES = YES;
				INFOPLIST_FILE = NetEaseNextSongUITests/Info.plist;
				LD_RUNPATH_SEARCH_PATHS = "$(inherited) @executable_path/../Frameworks @loader_path/../Frameworks";
				PRODUCT_BUNDLE_IDENTIFIER = com.ltred.TVApp.NetEaseNextSongUITests;
				PRODUCT_NAME = "$(TARGET_NAME)";
				TEST_TARGET_NAME = NetEaseNextSong;
				USES_XCTRUNNER = YES;
			};
			name = Release;
		};
/* End XCBuildConfiguration section */

/* Begin XCConfigurationList section */
		1F0E9F1D1C60C121009E213D /* Build configuration list for PBXProject "NetEaseNextSong" */ = {
			isa = XCConfigurationList;
			buildConfigurations = (
				1F0E9F4A1C60C121009E213D /* Debug */,
				1F0E9F4B1C60C121009E213D /* Release */,
			);
			defaultConfigurationIsVisible = 0;
			defaultConfigurationName = Release;
		};
		1F0E9F4C1C60C121009E213D /* Build configuration list for PBXNativeTarget "NetEaseNextSong" */ = {
			isa = XCConfigurationList;
			buildConfigurations = (
				1F0E9F4D1C60C121009E213D /* Debug */,
				1F0E9F4E1C60C121009E213D /* Release */,
			);
			defaultConfigurationIsVisible = 0;
			defaultConfigurationName = Release;
		};
		1F0E9F4F1C60C121009E213D /* Build configuration list for PBXNativeTarget "NetEaseNextSongTests" */ = {
			isa = XCConfigurationList;
			buildConfigurations = (
				1F0E9F501C60C121009E213D /* Debug */,
				1F0E9F511C60C121009E213D /* Release */,
			);
			defaultConfigurationIsVisible = 0;
			defaultConfigurationName = Release;
		};
		1F0E9F521C60C121009E213D /* Build configuration list for PBXNativeTarget "NetEaseNextSongUITests" */ = {
			isa = XCConfigurationList;
			buildConfigurations = (
				1F0E9F531C60C121009E213D /* Debug */,
				1F0E9F541C60C121009E213D /* Release */,
			);
			defaultConfigurationIsVisible = 0;
			defaultConfigurationName = Release;
		};
/* End XCConfigurationList section */
	};
	rootObject = 1F0E9F1A1C60C121009E213D /* Project object */;
}
